
Microsoft Visual Studio Solution File, Format Version 12.00
# Visual Studio Version 17
VisualStudioVersion = 17.10.34916.146
MinimumVisualStudioVersion = 10.0.40219.1
Project("{FAE04EC0-301F-11D3-BF4B-00C04F79EFBC}") = "WebApplication1", "WebApplication1\WebApplication1.csproj", "{FD29E7B6-A226-42C9-A0C0-4E539C03E7F7}"
EndProject
Global
	GlobalSection(SolutionConfigurationPlatforms) = preSolution
		Debug|Any CPU = Debug|Any CPU
		Release|Any CPU = Release|Any CPU
	EndGlobalSection
	GlobalSection(ProjectConfigurationPlatforms) = postSolution
		{FD29E7B6-A226-42C9-A0C0-4E539C03E7F7}.Debug|Any CPU.ActiveCfg = Debug|Any CPU
		{FD29E7B6-A226-42C9-A0C0-4E539C03E7F7}.Debug|Any CPU.Build.0 = Debug|Any CPU
		{FD29E7B6-A226-42C9-A0C0-4E539C03E7F7}.Release|Any CPU.ActiveCfg = Release|Any CPU
		{FD29E7B6-A226-42C9-A0C0-4E539C03E7F7}.Release|Any CPU.Build.0 = Release|Any CPU
	EndGlobalSection
	GlobalSection(SolutionProperties) = preSolution
		HideSolutionNode = FALSE
	EndGlobalSection
	GlobalSection(ExtensibilityGlobals) = postSolution
		SolutionGuid = {7653D132-852A-4098-BF82-C51C9C155972}
	EndGlobalSection
EndGlobal
